
Microsoft Visual Studio Solution File, Format Version 12.00
# Visual Studio Version 17
VisualStudioVersion = 17.2.32630.192
MinimumVisualStudioVersion = 10.0.40219.1
Project("{54A90642-561A-4BB1-A94E-469ADEE60C69}") = "ClientApp", "ClientApp\ClientApp.esproj", "{B8CE90F8-DE45-4A7A-BEC4-0FC515F7845D}"
EndProject
Project("{FAE04EC0-301F-11D3-BF4B-00C04F79EFBC}") = "Backend", "Backend\Backend.csproj", "{7AAE4B28-4B68-4D75-BEE1-F88F0CCD8CC2}"
EndProject
Global
	GlobalSection(SolutionConfigurationPlatforms) = preSolution
		Debug|Any CPU = Debug|Any CPU
		Release|Any CPU = Release|Any CPU
	EndGlobalSection
	GlobalSection(ProjectConfigurationPlatforms) = postSolution
		{B8CE90F8-DE45-4A7A-BEC4-0FC515F7845D}.Debug|Any CPU.ActiveCfg = Debug|Any CPU
		{B8CE90F8-DE45-4A7A-BEC4-0FC515F7845D}.Debug|Any CPU.Build.0 = Debug|Any CPU
		{B8CE90F8-DE45-4A7A-BEC4-0FC515F7845D}.Debug|Any CPU.Deploy.0 = Debug|Any CPU
		{B8CE90F8-DE45-4A7A-BEC4-0FC515F7845D}.Release|Any CPU.ActiveCfg = Release|Any CPU
		{B8CE90F8-DE45-4A7A-BEC4-0FC515F7845D}.Release|Any CPU.Build.0 = Release|Any CPU
		{B8CE90F8-DE45-4A7A-BEC4-0FC515F7845D}.Release|Any CPU.Deploy.0 = Release|Any CPU
		{7AAE4B28-4B68-4D75-BEE1-F88F0CCD8CC2}.Debug|Any CPU.ActiveCfg = Debug|Any CPU
		{7AAE4B28-4B68-4D75-BEE1-F88F0CCD8CC2}.Debug|Any CPU.Build.0 = Debug|Any CPU
		{7AAE4B28-4B68-4D75-BEE1-F88F0CCD8CC2}.Release|Any CPU.ActiveCfg = Release|Any CPU
		{7AAE4B28-4B68-4D75-BEE1-F88F0CCD8CC2}.Release|Any CPU.Build.0 = Release|Any CPU
	EndGlobalSection
	GlobalSection(SolutionProperties) = preSolution
		HideSolutionNode = FALSE
	EndGlobalSection
	GlobalSection(ExtensibilityGlobals) = postSolution
		SolutionGuid = {B280B43E-8E4D-4BE2-AFE4-6C1A282C9BD8}
	EndGlobalSection
EndGlobal
