
Microsoft Visual Studio Solution File, Format Version 12.00
# Visual Studio Version 17
VisualStudioVersion = 17.2.32630.192
MinimumVisualStudioVersion = 10.0.40219.1
Project("{54A90642-561A-4BB1-A94E-469ADEE60C69}") = "ClientApp", "ClientApp\ClientApp.esproj", "{B8CE90F8-DE45-4A7A-BEC4-0FC515F7845D}"
EndProject
Project("{9A19103F-16F7-4668-BE54-9A1E7A4F7556}") = "Backend", "Backend\Backend.csproj", "{7AAE4B28-4B68-4D75-BEE1-F88F0CCD8CC2}"
EndProject
Project("{2150E333-8FDC-42A3-9474-1A3956D46DE8}") = "Solution Items", "Solution Items", "{31B322FB-6C35-4AE1-8F8A-9FDDA13F1175}"
	ProjectSection(SolutionItems) = preProject
		Screenshots\bestellungen.png = Screenshots\bestellungen.png
		Screenshots\bestellung_bearbeiten.png = Screenshots\bestellung_bearbeiten.png
		Screenshots\login.png = Screenshots\login.png
		Screenshots\rechnung-pdf.png = Screenshots\rechnung-pdf.png
		Screenshots\shops.png = Screenshots\shops.png
	EndProjectSection
EndProject
Global
	GlobalSection(SolutionConfigurationPlatforms) = preSolution
		Debug|Any CPU = Debug|Any CPU
		Release|Any CPU = Release|Any CPU
	EndGlobalSection
	GlobalSection(ProjectConfigurationPlatforms) = postSolution
		{B8CE90F8-DE45-4A7A-BEC4-0FC515F7845D}.Debug|Any CPU.ActiveCfg = Debug|Any CPU
		{B8CE90F8-DE45-4A7A-BEC4-0FC515F7845D}.Debug|Any CPU.Build.0 = Debug|Any CPU
		{B8CE90F8-DE45-4A7A-BEC4-0FC515F7845D}.Debug|Any CPU.Deploy.0 = Debug|Any CPU
		{B8CE90F8-DE45-4A7A-BEC4-0FC515F7845D}.Release|Any CPU.ActiveCfg = Release|Any CPU
		{B8CE90F8-DE45-4A7A-BEC4-0FC515F7845D}.Release|Any CPU.Build.0 = Release|Any CPU
		{B8CE90F8-DE45-4A7A-BEC4-0FC515F7845D}.Release|Any CPU.Deploy.0 = Release|Any CPU
		{7AAE4B28-4B68-4D75-BEE1-F88F0CCD8CC2}.Debug|Any CPU.ActiveCfg = Debug|Any CPU
		{7AAE4B28-4B68-4D75-BEE1-F88F0CCD8CC2}.Debug|Any CPU.Build.0 = Debug|Any CPU
		{7AAE4B28-4B68-4D75-BEE1-F88F0CCD8CC2}.Release|Any CPU.ActiveCfg = Release|Any CPU
		{7AAE4B28-4B68-4D75-BEE1-F88F0CCD8CC2}.Release|Any CPU.Build.0 = Release|Any CPU
	EndGlobalSection
	GlobalSection(SolutionProperties) = preSolution
		HideSolutionNode = FALSE
	EndGlobalSection
	GlobalSection(ExtensibilityGlobals) = postSolution
		SolutionGuid = {B280B43E-8E4D-4BE2-AFE4-6C1A282C9BD8}
	EndGlobalSection
EndGlobal
